
Microsoft Visual Studio Solution File, Format Version 12.00
# Visual Studio Version 16
VisualStudioVersion = 16.0.34601.136
MinimumVisualStudioVersion = 10.0.40219.1
Project("{FAE04EC0-301F-11D3-BF4B-00C04F79EFBC}") = "Employee Travel Booking System", "Employee Travel Booking System\Employee Travel Booking System.csproj", "{949DAAB7-3F8E-407A-A7BA-2D54290A014E}"
EndProject
Global
	GlobalSection(SolutionConfigurationPlatforms) = preSolution
		Debug|Any CPU = Debug|Any CPU
		Release|Any CPU = Release|Any CPU
	EndGlobalSection
	GlobalSection(ProjectConfigurationPlatforms) = postSolution
		{949DAAB7-3F8E-407A-A7BA-2D54290A014E}.Debug|Any CPU.ActiveCfg = Debug|Any CPU
		{949DAAB7-3F8E-407A-A7BA-2D54290A014E}.Debug|Any CPU.Build.0 = Debug|Any CPU
		{949DAAB7-3F8E-407A-A7BA-2D54290A014E}.Release|Any CPU.ActiveCfg = Release|Any CPU
		{949DAAB7-3F8E-407A-A7BA-2D54290A014E}.Release|Any CPU.Build.0 = Release|Any CPU
	EndGlobalSection
	GlobalSection(SolutionProperties) = preSolution
		HideSolutionNode = FALSE
	EndGlobalSection
	GlobalSection(ExtensibilityGlobals) = postSolution
		SolutionGuid = {0F100A43-3C78-44D5-AE75-96B4D009324C}
	EndGlobalSection
EndGlobal
